{
    "_meta": {
        "hash": {
            "sha256": "222826238b69d89290add6456a202c5188240a6d6ba42229495e35e0dcc05024"
        },
        "pipfile-spec": 6,
        "requires": {
            "python_version": "3.8"
        },
        "sources": [
            {
                "name": "pypi",
                "url": "https://pypi.org/simple",
                "verify_ssl": true
            }
        ]
    },
    "default": {
        "cffi": {
            "hashes": [
                "sha256:005f2bfe11b6745d726dbb07ace4d53f057de66e336ff92d61b8c7e9c8f4777d",
                "sha256:09e96138280241bd355cd585148dec04dbbedb4f46128f340d696eaafc82dd7b",
                "sha256:0b1ad452cc824665ddc682400b62c9e4f5b64736a2ba99110712fdee5f2505c4",
                "sha256:0ef488305fdce2580c8b2708f22d7785ae222d9825d3094ab073e22e93dfe51f",
                "sha256:15f351bed09897fbda218e4db5a3d5c06328862f6198d4fb385f3e14e19decb3",
                "sha256:22399ff4870fb4c7ef19fff6eeb20a8bbf15571913c181c78cb361024d574579",
                "sha256:23e5d2040367322824605bc29ae8ee9175200b92cb5483ac7d466927a9b3d537",
                "sha256:2791f68edc5749024b4722500e86303a10d342527e1e3bcac47f35fbd25b764e",
                "sha256:2f9674623ca39c9ebe38afa3da402e9326c245f0f5ceff0623dccdac15023e05",
                "sha256:3363e77a6176afb8823b6e06db78c46dbc4c7813b00a41300a4873b6ba63b171",
                "sha256:33c6cdc071ba5cd6d96769c8969a0531be2d08c2628a0143a10a7dcffa9719ca",
                "sha256:3b8eaf915ddc0709779889c472e553f0d3e8b7bdf62dab764c8921b09bf94522",
                "sha256:3cb3e1b9ec43256c4e0f8d2837267a70b0e1ca8c4f456685508ae6106b1f504c",
                "sha256:3eeeb0405fd145e714f7633a5173318bd88d8bbfc3dd0a5751f8c4f70ae629bc",
                "sha256:44f60519595eaca110f248e5017363d751b12782a6f2bd6a7041cba275215f5d",
                "sha256:4d7c26bfc1ea9f92084a1d75e11999e97b62d63128bcc90c3624d07813c52808",
                "sha256:529c4ed2e10437c205f38f3691a68be66c39197d01062618c55f74294a4a4828",
                "sha256:6642f15ad963b5092d65aed022d033c77763515fdc07095208f15d3563003869",
                "sha256:85ba797e1de5b48aa5a8427b6ba62cf69607c18c5d4eb747604b7302f1ec382d",
                "sha256:8f0f1e499e4000c4c347a124fa6a27d37608ced4fe9f7d45070563b7c4c370c9",
                "sha256:a624fae282e81ad2e4871bdb767e2c914d0539708c0f078b5b355258293c98b0",
                "sha256:b0358e6fefc74a16f745afa366acc89f979040e0cbc4eec55ab26ad1f6a9bfbc",
                "sha256:bbd2f4dfee1079f76943767fce837ade3087b578aeb9f69aec7857d5bf25db15",
                "sha256:bf39a9e19ce7298f1bd6a9758fa99707e9e5b1ebe5e90f2c3913a47bc548747c",
                "sha256:c11579638288e53fc94ad60022ff1b67865363e730ee41ad5e6f0a17188b327a",
                "sha256:c150eaa3dadbb2b5339675b88d4573c1be3cb6f2c33a6c83387e10cc0bf05bd3",
                "sha256:c53af463f4a40de78c58b8b2710ade243c81cbca641e34debf3396a9640d6ec1",
                "sha256:cb763ceceae04803adcc4e2d80d611ef201c73da32d8f2722e9d0ab0c7f10768",
                "sha256:cc75f58cdaf043fe6a7a6c04b3b5a0e694c6a9e24050967747251fb80d7bce0d",
                "sha256:d80998ed59176e8cba74028762fbd9b9153b9afc71ea118e63bbf5d4d0f9552b",
                "sha256:de31b5164d44ef4943db155b3e8e17929707cac1e5bd2f363e67a56e3af4af6e",
                "sha256:e66399cf0fc07de4dce4f588fc25bfe84a6d1285cc544e67987d22663393926d",
                "sha256:f0620511387790860b249b9241c2f13c3a80e21a73e0b861a2df24e9d6f56730",
                "sha256:f4eae045e6ab2bb54ca279733fe4eb85f1effda392666308250714e01907f394",
                "sha256:f92cdecb618e5fa4658aeb97d5eb3d2f47aa94ac6477c6daf0f306c5a3b9e6b1",
                "sha256:f92f789e4f9241cd262ad7a555ca2c648a98178a953af117ef7fad46aa1d5591"
            ],
            "version": "==1.14.3"
        },
        "cryptography": {
            "hashes": [
                "sha256:10c9775a3f31610cf6b694d1fe598f2183441de81cedcf1814451ae53d71b13a",
                "sha256:180c9f855a8ea280e72a5d61cf05681b230c2dce804c48e9b2983f491ecc44ed",
                "sha256:247df238bc05c7d2e934a761243bfdc67db03f339948b1e2e80c75d41fc7cc36",
                "sha256:26409a473cc6278e4c90f782cd5968ebad04d3911ed1c402fc86908c17633e08",
                "sha256:2a27615c965173c4c88f2961cf18115c08fedfb8bdc121347f26e8458dc6d237",
                "sha256:2e26223ac636ca216e855748e7d435a1bf846809ed12ed898179587d0cf74618",
                "sha256:321761d55fb7cb256b771ee4ed78e69486a7336be9143b90c52be59d7657f50f",
                "sha256:4005b38cd86fc51c955db40b0f0e52ff65340874495af72efabb1bb8ca881695",
                "sha256:4b9e96543d0784acebb70991ebc2dbd99aa287f6217546bb993df22dd361d41c",
                "sha256:548b0818e88792318dc137d8b1ec82a0ab0af96c7f0603a00bb94f896fbf5e10",
                "sha256:725875681afe50b41aee7fdd629cedbc4720bab350142b12c55c0a4d17c7416c",
                "sha256:7a63e97355f3cd77c94bd98c59cb85fe0efd76ea7ef904c9b0316b5bbfde6ed1",
                "sha256:94191501e4b4009642be21dde2a78bd3c2701a81ee57d3d3d02f1d99f8b64a9e",
                "sha256:969ae512a250f869c1738ca63be843488ff5cc031987d302c1f59c7dbe1b225f",
                "sha256:9f734423eb9c2ea85000aa2476e0d7a58e021bc34f0a373ac52a5454cd52f791",
                "sha256:b45ab1c6ece7c471f01c56f5d19818ca797c34541f0b2351635a5c9fe09ac2e0",
                "sha256:cc6096c86ec0de26e2263c228fb25ee01c3ff1346d3cfc219d67d49f303585af",
                "sha256:dc3f437ca6353979aace181f1b790f0fc79e446235b14306241633ab7d61b8f8",
                "sha256:e7563eb7bc5c7e75a213281715155248cceba88b11cb4b22957ad45b85903761",
                "sha256:e7dad66a9e5684a40f270bd4aee1906878193ae50a4831922e454a2a457f1716",
                "sha256:eb80a288e3cfc08f679f95da72d2ef90cb74f6d8a8ba69d2f215c5e110b2ca32",
                "sha256:fa7fbcc40e2210aca26c7ac8a39467eae444d90a2c346cbcffd9133a166bcc67"
            ],
            "markers": "python_version >= '2.7' and python_version not in '3.0, 3.1, 3.2, 3.3, 3.4'",
            "version": "==3.1"
        },
        "deepdiff": {
            "hashes": [
                "sha256:273b18d32bb9b956548290b2e3ddf79c515def2dd5738965f4348ae813e710c5",
                "sha256:e2b74af4da0ef9cd338bb6e8c97242c1ec9d81fcb28298d7bb24acdc19ea79d7"
            ],
            "index": "pypi",
            "version": "==5.0.2"
        },
        "libimobiledevice": {
            "hashes": [
                "sha256:75543e08198a26963905e96ce2b6debc76b004107dae3f224854e8be45ea30b5",
                "sha256:96774375631c910028ceeb79de5c1aca6a8e9581adcf6472f007b256f8e5fd26"
            ],
            "index": "pypi",
            "version": "==0.4"
        },
        "ordered-set": {
            "hashes": [
                "sha256:ba93b2df055bca202116ec44b9bead3df33ea63a7d5827ff8e16738b97f33a95"
            ],
            "markers": "python_version >= '3.5'",
            "version": "==4.0.2"
        },
        "pycparser": {
            "hashes": [
                "sha256:2d475327684562c3a96cc71adf7dc8c4f0565175cf86b6d7a404ff4c771f15f0",
                "sha256:7582ad22678f0fcd81102833f60ef8d0e57288b6b5fb00323d101be910e35705"
            ],
            "markers": "python_version >= '2.7' and python_version not in '3.0, 3.1, 3.2, 3.3'",
            "version": "==2.20"
        },
        "pyopenssl": {
            "hashes": [
                "sha256:621880965a720b8ece2f1b2f54ea2071966ab00e2970ad2ce11d596102063504",
                "sha256:9a24494b2602aaf402be5c9e30a0b82d4a5c67528fe8fb475e3f3bc00dd69507"
            ],
            "index": "pypi",
            "version": "==19.1.0"
        },
        "six": {
            "hashes": [
                "sha256:30639c035cdb23534cd4aa2dd52c3bf48f06e5f4a941509c8bafd8ce11080259",
                "sha256:8b74bedcbbbaca38ff6d7491d76f2b06b3592611af620f8426e82dddb04a5ced"
            ],
            "markers": "python_version >= '2.7' and python_version not in '3.0, 3.1, 3.2, 3.3'",
            "version": "==1.15.0"
        }
    },
    "develop": {
        "attrs": {
            "hashes": [
                "sha256:26b54ddbbb9ee1d34d5d3668dd37d6cf74990ab23c828c2888dccdceee395594",
                "sha256:fce7fc47dfc976152e82d53ff92fa0407700c21acd20886a13777a0d20e655dc"
            ],
            "markers": "python_version >= '2.7' and python_version not in '3.0, 3.1, 3.2, 3.3'",
            "version": "==20.2.0"
        },
        "iniconfig": {
            "hashes": [
                "sha256:80cf40c597eb564e86346103f609d74efce0f6b4d4f30ec8ce9e2c26411ba437",
                "sha256:e5f92f89355a67de0595932a6c6c02ab4afddc6fcdc0bfc5becd0d60884d3f69"
            ],
            "version": "==1.0.1"
        },
        "more-itertools": {
            "hashes": [
                "sha256:6f83822ae94818eae2612063a5101a7311e68ae8002005b5e05f03fd74a86a20",
                "sha256:9b30f12df9393f0d28af9210ff8efe48d10c94f73e5daf886f10c4b0b0b4f03c"
            ],
            "markers": "python_version >= '3.5'",
            "version": "==8.5.0"
        },
        "packaging": {
            "hashes": [
                "sha256:4357f74f47b9c12db93624a82154e9b120fa8293699949152b22065d556079f8",
                "sha256:998416ba6962ae7fbd6596850b80e17859a5753ba17c32284f67bfff33784181"
            ],
            "markers": "python_version >= '2.7' and python_version not in '3.0, 3.1, 3.2, 3.3'",
            "version": "==20.4"
        },
        "pluggy": {
            "hashes": [
                "sha256:15b2acde666561e1298d71b523007ed7364de07029219b604cf808bfa1c765b0",
                "sha256:966c145cd83c96502c3c3868f50408687b38434af77734af1e9ca461a4081d2d"
            ],
            "markers": "python_version >= '2.7' and python_version not in '3.0, 3.1, 3.2, 3.3'",
            "version": "==0.13.1"
        },
        "py": {
            "hashes": [
                "sha256:366389d1db726cd2fcfc79732e75410e5fe4d31db13692115529d34069a043c2",
                "sha256:9ca6883ce56b4e8da7e79ac18787889fa5206c79dcc67fb065376cd2fe03f342"
            ],
            "markers": "python_version >= '2.7' and python_version not in '3.0, 3.1, 3.2, 3.3'",
            "version": "==1.9.0"
        },
        "pyparsing": {
            "hashes": [
                "sha256:c203ec8783bf771a155b207279b9bccb8dea02d8f0c9e5f8ead507bc3246ecc1",
                "sha256:ef9d7589ef3c200abe66653d3f1ab1033c3c419ae9b9bdb1240a85b024efc88b"
            ],
            "markers": "python_version >= '2.6' and python_version not in '3.0, 3.1, 3.2, 3.3'",
            "version": "==2.4.7"
        },
        "pytest": {
            "hashes": [
                "sha256:0e37f61339c4578776e090c3b8f6b16ce4db333889d65d0efb305243ec544b40",
                "sha256:c8f57c2a30983f469bf03e68cdfa74dc474ce56b8f280ddcb080dfd91df01043"
            ],
            "index": "pypi",
            "version": "==6.0.2"
        },
        "pytest-describe": {
            "hashes": [
                "sha256:3e2ea0e77efa09edb98cf90423bf1da21a462ed90bd3120f8f98fe7519a167d5",
                "sha256:95fe78639d4d16c4a1e7d62c70f63030b217c08d2ee6dca49559fe6e730c6696",
                "sha256:cc3862662faa5a6fb721927aaef46b46cf787e4a8163e5459fc8778e650fabad"
            ],
            "index": "pypi",
            "version": "==1.0.0"
        },
        "six": {
            "hashes": [
                "sha256:30639c035cdb23534cd4aa2dd52c3bf48f06e5f4a941509c8bafd8ce11080259",
                "sha256:8b74bedcbbbaca38ff6d7491d76f2b06b3592611af620f8426e82dddb04a5ced"
            ],
            "markers": "python_version >= '2.7' and python_version not in '3.0, 3.1, 3.2, 3.3'",
            "version": "==1.15.0"
        },
        "toml": {
            "hashes": [
                "sha256:926b612be1e5ce0634a2ca03470f95169cf16f939018233a670519cb4ac58b0f",
                "sha256:bda89d5935c2eac546d648028b9901107a595863cb36bae0c73ac804a9b4ce88"
            ],
            "version": "==0.10.1"
        }
    }
}
